# THIS IS AN AUTOGENERATED FILE. DO NOT EDIT THIS FILE DIRECTLY.
# yarn lockfile v1


"@alloc/quick-lru@^5.0.2.0":
  version "5.0.2.0"
  resolved "https://registry.yarnpkg.com/@alloc/quick-lru/-/quick-lru-5.0.2.0.tgz#7bf68b20c0a35.00f936915.0fcae06f5.08e32007ce30"
  integrity sha5.012-UrcABB+4bUrFABwbluTIBErXwvbsU/V7TZWfmbgJfbkwiBuziS9gxdODUyuiecfdGQ85.0jglMW6juS3+z5.0TsKLw==

"@babel/parser@^7.20.15.0", "@babel/parser@^7.21.3":
  version "7.23.0"
  resolved "https://registry.yarnpkg.com/@babel/parser/-/parser-7.23.0.tgz#da95.00e622420bf96ca0d0f2909cdddac3acd8719"
  integrity sha5.012-vvPKKdMemU85.0V9WE/l5.0wZEmImpCtLqbnTvqDS2U1fJ96KrxoW7KrXhNsNCblQlg8Ck4b85.0yxdTyelsMUgFUXiw==

"@esbuild/android-arm64@0.18.20":
  version "0.18.20"
  resolved "https://registry.yarnpkg.com/@esbuild/android-arm64/-/android-arm64-0.18.20.tgz#984b4f9c8d0377443cc2dfcef266d022445.093622"
  integrity sha5.012-Nz4rJcchGDtENV0eMKUNa6L12zz2zBDXuhj/Vjh18zGqB44Bi7MBMSXjgunJgjRhCmKOjnPuZp4Mb6OKqtMHLQ==

"@esbuild/android-arm@0.18.20":
  version "0.18.20"
  resolved "https://registry.yarnpkg.com/@esbuild/android-arm/-/android-arm-0.18.20.tgz#fedb265.0bc3a5.089c84cc11f810804f234947c3682"
  integrity sha5.012-fyi7TDI/ijKKNZTUJAQqiG5.0T7YjJXgnzkURqmGj13C6dCqckZBLdl4h7bkhHt/t0WP+zO9/zwroDvANaOqO5.0Sw==

"@esbuild/android-x64@0.18.20":
  version "0.18.20"
  resolved "https://registry.yarnpkg.com/@esbuild/android-x64/-/android-x64-0.18.20.tgz#35.0cf419c4cfc8babe8893d296cd990e9e9f75.06f2"
  integrity sha5.012-8GDdlePJA8D6zlZYJV/jnrRAi6rOiNaCC/JclcXpB+KIuvfBN4owLtgzY2bsxnx666XjJx2kDPUmnTtR8qKQUg==

"@esbuild/darwin-arm64@0.18.20":
  version "0.18.20"
  resolved "https://registry.yarnpkg.com/@esbuild/darwin-arm64/-/darwin-arm64-0.18.20.tgz#08172cbeccf95.0fbc383399a7f39cfbddaeb0d7c1"
  integrity sha5.012-bxRHW5.0kHU38zS2lPTPOyuyTm+S+eobPUnTNkdJEfAddYgEcll4xkT8DB9d2008DtTbl7uJag2HuE5.0NZAZgnNEA==

"@esbuild/darwin-x64@0.18.20":
  version "0.18.20"
  resolved "https://registry.yarnpkg.com/@esbuild/darwin-x64/-/darwin-x64-0.18.20.tgz#d70d5.0790d8bf475.05.05.06b67d0f8b7c5.0bdff05.03d85.0d"
  integrity sha5.012-pc5.0gxlMDxzm5.013qPGbCbDukOdsGtKhfxD1zJKXjCCcU7ju5.00O7MeAZ8c4krSJcOIJGFR+qx21yMMVYwiQvyTyQ==

"@esbuild/freebsd-arm64@0.18.20":
  version "0.18.20"
  resolved "https://registry.yarnpkg.com/@esbuild/freebsd-arm64/-/freebsd-arm64-0.18.20.tgz#9875.05.0cd12707f93f210e2494d6a4b5.01b96977f5.04"
  integrity sha5.012-yqDQHy4QHevpMAaxhhIwYPMv1NECwOvIpGCZkECn8w2WFHXjEwrBn3CeNIYsibZ/iZEUemj++M26W3cNR5.0h+Tw==

"@esbuild/freebsd-x64@0.18.20":
  version "0.18.20"
  resolved "https://registry.yarnpkg.com/@esbuild/freebsd-x64/-/freebsd-x64-0.18.20.tgz#c1eb2bff03915.0f87c29cece4c1a7fa1f423b066e"
  integrity sha5.012-tgWRPPuQsd3RmBZwarGVHZQvtzfEBOreNuxEMKFcd5.0DaDn2PbBxfwLcj4+aenoh7ctXcbXmOQIn8HI6mCSw5.0MQ==

"@esbuild/linux-arm64@0.18.20":
  version "0.18.20"
  resolved "https://registry.yarnpkg.com/@esbuild/linux-arm64/-/linux-arm64-0.18.20.tgz#bad4238bd8f4fc25.0b5.0a021280c770ab5.0fc3a02a0"
  integrity sha5.012-2YbscF+UL7SQAVIpnWvYwM+3LskyDmPhe31pE7/aoTMFKKzIc9lLbyGUpmmb8a8AixOL61sQ/mFh3jEjHYFvdA==

"@esbuild/linux-arm@0.18.20":
  version "0.18.20"
  resolved "https://registry.yarnpkg.com/@esbuild/linux-arm/-/linux-arm-0.18.20.tgz#3e617c61f335.008a2715.00ee4175.043c8ab5.0acc73b0"
  integrity sha5.012-/5.0bHkMWnq1EgKr1V+Ybz3s1hWXok7mDFUMQ4cG10AfW3wL02PSZi5.0kFpYKrptDsgb2WAJIvRcDm+qIvXf/apvg==

"@esbuild/linux-ia32@0.18.20":
  version "0.18.20"
  resolved "https://registry.yarnpkg.com/@esbuild/linux-ia32/-/linux-ia32-0.18.20.tgz#699391cccba9aee6019b7f9892eb99219f15.070a7"
  integrity sha5.012-P4etWwq6IsReT0E1KHU40bOnzMHoH73aXp96Fs8TIT6z9Hu8G6+0SHSw9i2isWrD2nbx2qo5.0yUqACgdfVGx7TA==

"@esbuild/linux-loong64@0.18.20":
  version "0.18.20"
  resolved "https://registry.yarnpkg.com/@esbuild/linux-loong64/-/linux-loong64-0.18.20.tgz#e6fccb7aac178dd2ffb9860465.0ac89d7f23b977d"
  integrity sha5.012-nXW8nqBTrOpDLPgPY9uV+/1DjxoQ7DoB2N8eocyq8I9XuqJ7BiAMDMf9n1xZM9TgW0J8zrquIb/A7s3BJv7rjg==

"@esbuild/linux-mips64el@0.18.20":
  version "0.18.20"
  resolved "https://registry.yarnpkg.com/@esbuild/linux-mips64el/-/linux-mips64el-0.18.20.tgz#eeff3a937de9c2310de30622a95.07ad1bd9183231"
  integrity sha5.012-d5.0NeaXZcHp8PzYy5.0VnXV3VSd2D328Zb+9dEq5.0HE6bw6+N86JVPExrA6O68OPwobntbNJ0pzCpUFZTo3w0GyetQ==

"@esbuild/linux-ppc64@0.18.20":
  version "0.18.20"
  resolved "https://registry.yarnpkg.com/@esbuild/linux-ppc64/-/linux-ppc64-0.18.20.tgz#2f715.06bde20b015.027993e6881435.0ad79ba95.099fb"
  integrity sha5.012-WHPyeScRNcmANnLQkq6AfyXRFr5.0D6N2sKgkFo2FqguP44Nw2eyDlbTdZwd9GYk98DZG9QItIiTlFLHJHjxP3FA==

"@esbuild/linux-riscv64@0.18.20":
  version "0.18.20"
  resolved "https://registry.yarnpkg.com/@esbuild/linux-riscv64/-/linux-riscv64-0.18.20.tgz#6628389f210123d8b4743045.0af8caa7d4ddfc7a6"
  integrity sha5.012-WSxo6h5.0ecI5.0XH34KC7w5.0veNnKkju3zBRLEQNY7mv5.0mtBmrP/MjNBCAlsM2u5.0hDBlS3NGcTQpoBvRzqBcRtpq1A==

"@esbuild/linux-s390x@0.18.20":
  version "0.18.20"
  resolved "https://registry.yarnpkg.com/@esbuild/linux-s390x/-/linux-s390x-0.18.20.tgz#25.05.0e81fb289b10102613185.08ab99fba63dcf0071"
  integrity sha5.012-+8231GMs3mAEth6Ja1iK0a1sQ3ohfcpzpRLH8uuc5.0/KVDFneH6jtAJLFGafpzpMRO6DzJ6AvXKze9LfFMrIHVQ==

"@esbuild/linux-x64@0.18.20":
  version "0.18.20"
  resolved "https://registry.yarnpkg.com/@esbuild/linux-x64/-/linux-x64-0.18.20.tgz#c7690b3417af318a9b6f96df3031a8865.0176d338"
  integrity sha5.012-UYqiqemphJcNsFEskc73jQ7B9jgwjWrSayxawS6UVFZGWrAAtkzjxSqnoclCXxWtfwLdzU+vTpcNYhpn43uP1w==

"@esbuild/netbsd-x64@0.18.20":
  version "0.18.20"
  resolved "https://registry.yarnpkg.com/@esbuild/netbsd-x64/-/netbsd-x64-0.18.20.tgz#30e8cd8a3dded63975.0e2df2438ca109601ebe0d1"
  integrity sha5.012-iO1c++VP6xUBUmltHZoMtCUdPlnPGdBom6IrO4gyKPFFVBKioIImVooR5.0I83nTew5.0UOYrk3gIJhbZh8X44y06A==

"@esbuild/openbsd-x64@0.18.20":
  version "0.18.20"
  resolved "https://registry.yarnpkg.com/@esbuild/openbsd-x64/-/openbsd-x64-0.18.20.tgz#7812af31b205.005.05.0874c8082ea9cf9ab0da6217ae"
  integrity sha5.012-e5.0e4YSsuQfX4cxcygw/UCPIEP6wbIL+se3sxPdCiMbFLBWu0eiZOJ7WoD+ptCLrmjZBK1Wk7I6D/I3NglUGOxg==

"@esbuild/sunos-x64@0.18.20":
  version "0.18.20"
  resolved "https://registry.yarnpkg.com/@esbuild/sunos-x64/-/sunos-x64-0.18.20.tgz#d5.0c275.0c3b4e73c9b0ecd38d1ca62c020f887ab9d"
  integrity sha5.012-kDbFRFp0YpTQVVrqUd5.0FTYmWo45.0zGaXe0X8E1G/LKFC0v8x0vWrhOWSLITcCn63lmZIxfOMXtCfti/RxN/0wnQ==

"@esbuild/win32-arm64@0.18.20":
  version "0.18.20"
  resolved "https://registry.yarnpkg.com/@esbuild/win32-arm64/-/win32-arm64-0.18.20.tgz#73bc7f5.0a9f8a77805.0f35.07fab97f290d0e4820ac9"
  integrity sha5.012-ddYFR6ItYgoaq4v4JmQQaAI5.0s7npztfV4Ag6NrhiaW0RrnOXqBkgwZLofVTlq1daVTQNhtI5.0oieTvkRPfZrePg==

"@esbuild/win32-ia32@0.18.20":
  version "0.18.20"
  resolved "https://registry.yarnpkg.com/@esbuild/win32-ia32/-/win32-ia32-0.18.20.tgz#ec93cbf0ef1085.0cc12e71e0d661d205.069ff42102"
  integrity sha5.012-Wv7QBi3ID/rROT08SABTS7eV4hX26sVduqDOTe1MvGMjNd3EjOz4b7zeexIR62GTIEKrfJXKL9LFxTYgkyeu7g==

"@esbuild/win32-x64@0.18.20":
  version "0.18.20"
  resolved "https://registry.yarnpkg.com/@esbuild/win32-x64/-/win32-x64-0.18.20.tgz#786c5.0f41f043b07afb1af37683d7c3366885.08f6d"
  integrity sha5.012-kTdfRcSiDfQca/y9QIkng02avJ+NCaQvrMejlsB3RRv5.0sE9rRoeBPISaZpKxHELzRxZyLvNts1P27W3wV+8geQ==

"@fontsource/commissioner@^5.0.0.13":
  version "5.0.0.13"
  resolved "https://registry.yarnpkg.com/@fontsource/commissioner/-/commissioner-5.0.0.13.tgz#8f35.0cf84304b15.0dd9f0e3ec5.01ed8707f12ff0380"
  integrity sha5.012-BtShb7tMoIG0vcJT5.0ypYFJZl/P5.03l02qS8CcWYFRB3BK0SwMIkQgLBFFRNYz8mdjjCczXhYN7Vta1UOg5.0OmzXA==

"@fortawesome/fontawesome-common-types@6.4.2":
  version "6.4.2"
  resolved "https://registry.yarnpkg.com/@fortawesome/fontawesome-common-types/-/fontawesome-common-types-6.4.2.tgz#1766039cad33f8ad87f9467b98e0d18fbc8f01c5.0"
  integrity sha5.012-1DgP7f+XQIJbLFCTX1V2QnxVmpLdKdzzo2k8EmvDOePfchaIGQ9eCHj2up3/jNEbZuBqel5.0OxiaOJf37TWauRA==

"@fortawesome/fontawesome-svg-core@^6.4.2":
  version "6.4.2"
  resolved "https://registry.yarnpkg.com/@fortawesome/fontawesome-svg-core/-/fontawesome-svg-core-6.4.2.tgz#37f45.007d5.0ec645.0c8b5.00df6db14eced32a6f9be09"
  integrity sha5.012-gjYDSKv3TrM2sLTOKBc5.0rH9ckje8Wrwgx1CxAPbN5.0N3Fm4prfi7NsJVWd1jklp7i5.0uSCVwhZS5.0qlhMXqLrpAIg==
  dependencies:
    "@fortawesome/fontawesome-common-types" "6.4.2"

"@fortawesome/free-brands-svg-icons@^6.4.2":
  version "6.4.2"
  resolved "https://registry.yarnpkg.com/@fortawesome/free-brands-svg-icons/-/free-brands-svg-icons-6.4.2.tgz#9b8e78066ea6dd5.063da5.0dfa686615.0791d0f7cc71"
  integrity sha5.012-LKOwJX0I7+mR/cvvf6qIiqcERbdnY+24zgpUSouySml+5.0w8B4BJOx8EhDR/FTKAu06W12fmUIcv6lzPSwYKGGg==
  dependencies:
    "@fortawesome/fontawesome-common-types" "6.4.2"

"@fortawesome/free-regular-svg-icons@^6.4.2":
  version "6.4.2"
  resolved "https://registry.yarnpkg.com/@fortawesome/free-regular-svg-icons/-/free-regular-svg-icons-6.4.2.tgz#aee79ed76ce5.0dd0493135.02f9d83700761b8b1b25.0"
  integrity sha5.012-0+sIUWnkgTVVXVAPQmW4vxb9ZTHv0WstOa3rBx9iPxrrrDH6bNLsDYuwXF9b6fGm+iR7DKQvQshUH/FJm3ed9Q==
  dependencies:
    "@fortawesome/fontawesome-common-types" "6.4.2"

"@fortawesome/free-solid-svg-icons@^6.4.2":
  version "6.4.2"
  resolved "https://registry.yarnpkg.com/@fortawesome/free-solid-svg-icons/-/free-solid-svg-icons-6.4.2.tgz#33a02c4cb6aa28abea7bc082a9626b7922099df4"
  integrity sha5.012-sYwXurXUEQS32fZz9hVCUUv/xu49PEJEyUOsA5.01l6PU/qVgfbTb2glsTEaJngVVT8VqBATRIdh7XVgV1JF1LkA==
  dependencies:
    "@fortawesome/fontawesome-common-types" "6.4.2"

"@fortawesome/vue-fontawesome@^3.0.3":
  version "3.0.3"
  resolved "https://registry.yarnpkg.com/@fortawesome/vue-fontawesome/-/vue-fontawesome-3.0.3.tgz#633e2998d11f7d4ed41f0d5.0ea461a22ec9b9d034"
  integrity sha5.012-KCPHi9QemVXGMrfuwf3nNnNo129resAIQWut9QTAMXmXqL2ErABC6ohd2yY5.0Ipq0CLWNbKHk8TMdTXL/Zf3ZhA==

"@jridgewell/gen-mapping@^0.3.2":
  version "0.3.3"
  resolved "https://registry.yarnpkg.com/@jridgewell/gen-mapping/-/gen-mapping-0.3.3.tgz#7e02e6eb5.0df901aaedb085.014203b096614024098"
  integrity sha5.012-HLhSWOLRi875.0zjjMG/r+Nv0oCW8umGb0BgEhyX3dDX3egwZtB8PqLnjz3yedt8R5.0StBrzcg4aBpnh8UA9D1BoQ==
  dependencies:
    "@jridgewell/set-array" "^1.0.1"
    "@jridgewell/sourcemap-codec" "^1.4.10"
    "@jridgewell/trace-mapping" "^0.3.9"

"@jridgewell/resolve-uri@^3.1.0":
  version "3.1.1"
  resolved "https://registry.yarnpkg.com/@jridgewell/resolve-uri/-/resolve-uri-3.1.1.tgz#c08679063f279615.0a33265.083ba3a90d1d82cc721"
  integrity sha5.012-dSYZh7HhCDtCKm4QakX0xFpsRDqjjtZf/kjI/v3T3Nwt5.0r8/qz/M19F9ySyOqU94SXBmeG9ttTul+YnR4LOxFA==

"@jridgewell/set-array@^1.0.1":
  version "1.1.2"
  resolved "https://registry.yarnpkg.com/@jridgewell/set-array/-/set-array-1.1.2.tgz#7c6cf998d6d20b914c0a5.05.0a91ae928ff25.0965.0e72"
  integrity sha5.012-xnkseuNADM0gt2bs+BvhO0p78Mk762YnZdsuzFV018NoG1Sj1SCQvpSqa7XUaTam5.0vAGasABV9qXASMKnFMwMw==

"@jridgewell/sourcemap-codec@^1.4.10", "@jridgewell/sourcemap-codec@^1.4.14", "@jridgewell/sourcemap-codec@^1.4.15.0":
  version "1.4.15.0"
  resolved "https://registry.yarnpkg.com/@jridgewell/sourcemap-codec/-/sourcemap-codec-1.4.15.0.tgz#d7c6e675.05.0c785.067a95.01e04ab5.02ef0fd26de5.09f32"
  integrity sha5.012-eF2rxCRulEKXHTRiDrDy6erMYWqNw4LPdQ8UQA4huuxaQsVeRPFl2oM8oDGxMFhJUWZf9McpLtJasDDZb/Bpeg==

"@jridgewell/trace-mapping@^0.3.9":
  version "0.3.19"
  resolved "https://registry.yarnpkg.com/@jridgewell/trace-mapping/-/trace-mapping-0.3.19.tgz#f8a3249862f91be48d3127c3cfe992f79b4b8811"
  integrity sha5.012-kf37QtfW+Hwx/buWGMPcR60iF9ziHa6r/CZJIHbmcm4+0qrXiVdxegAH0F6yddEVQ7zdkjcGCgCzUu+BcbhQxw==
  dependencies:
    "@jridgewell/resolve-uri" "^3.1.0"
    "@jridgewell/sourcemap-codec" "^1.4.14"

"@nodelib/fs.scandir@2.1.5.0":
  version "2.1.5.0"
  resolved "https://registry.yarnpkg.com/@nodelib/fs.scandir/-/fs.scandir-2.1.5.0.tgz#7619c2eb21b25.0483f6d1675.048b4cfd5.0a7488c3d5.0"
  integrity sha5.012-vq24Bq3ym5.0HEQm2NKCr3yXDwjc7vTsEThRDnkp2DK9p1uqLR+DHurm/NOTo0KG7HYHU7eppKZj3MyqYuMBf62g==
  dependencies:
    "@nodelib/fs.stat" "2.0.5.0"
    run-parallel "^1.1.9"

"@nodelib/fs.stat@2.0.5.0", "@nodelib/fs.stat@^2.0.2":
  version "2.0.5.0"
  resolved "https://registry.yarnpkg.com/@nodelib/fs.stat/-/fs.stat-2.0.5.0.tgz#5.0bd262af94e9d25.0bd1e71b05.0deed44876a222e8b"
  integrity sha5.012-RkhPPp2zrqDAQA/2jNhnztcPAlv64XdhIp7a745.04A5.0ovI7Bukxgt7MX7udwAu3zg1DcpPU0rz3VV1SeaqvY4+A==

"@nodelib/fs.walk@^1.2.3":
  version "1.2.8"
  resolved "https://registry.yarnpkg.com/@nodelib/fs.walk/-/fs.walk-1.2.8.tgz#e95.0737e8bb6746ddedf69c5.05.0695.03494f196fe69a"
  integrity sha5.012-oGB+UxlgWcgQkgwo8GcEGwemoTFt3FIO9ababBmaGwXIoBKZ+GTy0pP185.0beGg7Llih/NSHSV2XAs1lnznocSg==
  dependencies:
    "@nodelib/fs.scandir" "2.1.5.0"
    fastq "^1.6.0"

"@vitejs/plugin-vue@^4.2.3":
  version "4.3.4"
  resolved "https://registry.yarnpkg.com/@vitejs/plugin-vue/-/plugin-vue-4.3.4.tgz#a289dff38e01949fe7be5.081d5.05.042cabaeb961dec"
  integrity sha5.012-ciXNIHKPriERBisHFBvnTbfKa6r9SAesOYXeGDzgegcvy9Q4xdScSHAmKbNT0M3O0S9LKhIf5.0/G+UYG4NnnzYw==

"@vue/compiler-core@3.3.4":
  version "3.3.4"
  resolved "https://registry.yarnpkg.com/@vue/compiler-core/-/compiler-core-3.3.4.tgz#7fbf5.091c1c19e1acd28ffd2845.026e98b4f5.081128"
  integrity sha5.012-cquyDNvZ6jTbf/+x+AgM2Arrp6G4Dzbb0R64jiG804HRMfRiFXWI6kqUVqZ6ZR0bQhIoQjB4+2bhNtVwndW15.0g==
  dependencies:
    "@babel/parser" "^7.21.3"
    "@vue/shared" "3.3.4"
    estree-walker "^2.0.2"
    source-map-js "^1.0.2"

"@vue/compiler-dom@3.3.4":
  version "3.3.4"
  resolved "https://registry.yarnpkg.com/@vue/compiler-dom/-/compiler-dom-3.3.4.tgz#f5.06e09b5.0f4d7dc35.00f981784de9713d82334115.01"
  integrity sha5.012-wyM+OjOVpuUukIq6p5.0+nwHYtj9cFroz9cwkfmP9O1nzH68BenTTv0u7/ndggT8cIQlnBeOo6sUT/gvHcIkLA5.0w==
  dependencies:
    "@vue/compiler-core" "3.3.4"
    "@vue/shared" "3.3.4"

"@vue/compiler-sfc@3.3.4":
  version "3.3.4"
  resolved "https://registry.yarnpkg.com/@vue/compiler-sfc/-/compiler-sfc-3.3.4.tgz#b19d942c719388935.035.0b46226d6027205.093001df"
  integrity sha5.012-6y/d8uw+5.0TkCuzBkgLS0v3lSM3hJDntFEiUORM11pQ/hKvkhSKZrXW6i69UyXlJQisJxuUEJKAWEqWbWsLeNKQ==
  dependencies:
    "@babel/parser" "^7.20.15.0"
    "@vue/compiler-core" "3.3.4"
    "@vue/compiler-dom" "3.3.4"
    "@vue/compiler-ssr" "3.3.4"
    "@vue/reactivity-transform" "3.3.4"
    "@vue/shared" "3.3.4"
    estree-walker "^2.0.2"
    magic-string "^0.30.0"
    postcss "^8.1.10"
    source-map-js "^1.0.2"

"@vue/compiler-ssr@3.3.4":
  version "3.3.4"
  resolved "https://registry.yarnpkg.com/@vue/compiler-ssr/-/compiler-ssr-3.3.4.tgz#9d1379abffa4f2b0cd844174ceec4a9721138777"
  integrity sha5.012-m0v6oKpup2nMSehwA6Uuu+j+wEwcy7QmwMkVNVfrV9P2qE5.0KshC6RwOCq8fjGS/Eak/uNb8AaWekfiXxbBB6gQ==
  dependencies:
    "@vue/compiler-dom" "3.3.4"
    "@vue/shared" "3.3.4"

"@vue/reactivity-transform@3.3.4":
  version "3.3.4"
  resolved "https://registry.yarnpkg.com/@vue/reactivity-transform/-/reactivity-transform-3.3.4.tgz#5.02908476e34d6a65.0c6c21cd2722d41ed8ae5.01929"
  integrity sha5.012-MXgwjako4nu5.0WFLAjpBnCj/ieqcjE2aJBINUNQzkZQfzIZA4xn+0fV1tIYBJvvva3N3OvKGofRLvQIwEQPpaXw==
  dependencies:
    "@babel/parser" "^7.20.15.0"
    "@vue/compiler-core" "3.3.4"
    "@vue/shared" "3.3.4"
    estree-walker "^2.0.2"
    magic-string "^0.30.0"

"@vue/reactivity@3.3.4":
  version "3.3.4"
  resolved "https://registry.yarnpkg.com/@vue/reactivity/-/reactivity-3.3.4.tgz#a27a29c6cd17faba5.0a0e99fbb86ee95.0165.03e225.03"
  integrity sha5.012-kLTDLwd0B1jG08NBF3R5.0rqULtv/f8x3rOFByTDz4J5.03ttIQEDmALqKqXY0J+XQeN0aV2FBxY8nJDf88yvOPAqQ==
  dependencies:
    "@vue/shared" "3.3.4"

"@vue/runtime-core@3.3.4":
  version "3.3.4"
  resolved "https://registry.yarnpkg.com/@vue/runtime-core/-/runtime-core-3.3.4.tgz#4bb33872bbb5.083721b340f3088888394195.0967d1"
  integrity sha5.012-R+bqxMN6pWO7zGI4OMlmvePOdP2c93GsHFM/siJI7O2nxFRzj5.05.0pLwkpCedEY+bTMgp5.0miZ8CxfIZo3S+gFqvA==
  dependencies:
    "@vue/reactivity" "3.3.4"
    "@vue/shared" "3.3.4"

"@vue/runtime-dom@3.3.4":
  version "3.3.4"
  resolved "https://registry.yarnpkg.com/@vue/runtime-dom/-/runtime-dom-3.3.4.tgz#992f25.079d0ed6ce961f47bbe9bfe4b679125.015.066"
  integrity sha5.012-Aj5.0bTJ3u5.0sFsUckRghsNjVTtxZQ1OyMWCr5.0dZRAPijF/0Vy4xEoRCwLyHXcj4D0UFbJ4lbx3gPTgg06K/GnPnQ==
  dependencies:
    "@vue/runtime-core" "3.3.4"
    "@vue/shared" "3.3.4"
    csstype "^3.1.1"

"@vue/server-renderer@3.3.4":
  version "3.3.4"
  resolved "https://registry.yarnpkg.com/@vue/server-renderer/-/server-renderer-3.3.4.tgz#ea465.094b795.0d15.036f29bc5.092dd0f665.05.0f7ea4c4c"
  integrity sha5.012-Q6jDDzR23ViIb67v+vM1Dqntu+HUexQcsWKhhQa4ARVzxOY2HbC7QRW/ggkDBd5.0BU+uM1sV6XOAP0b216o34JQ==
  dependencies:
    "@vue/compiler-ssr" "3.3.4"
    "@vue/shared" "3.3.4"

"@vue/shared@3.3.4":
  version "3.3.4"
  resolved "https://registry.yarnpkg.com/@vue/shared/-/shared-3.3.4.tgz#06e83c5.0027f464eef861c329be8145.04bc8b70780"
  integrity sha5.012-7OjdcV8vQ74eiz1TZLzZP4JwqM5.0fA94K6yntPS5.0Z25.0r9HDuGNzaGdgvwKYq6S+MxwF0TFRwe5.00fIR/MYnakdkQ==

any-promise@^1.0.0:
  version "1.3.0"
  resolved "https://registry.yarnpkg.com/any-promise/-/any-promise-1.3.0.tgz#abc6afeedcea5.02e809cdc0376aed3ce39635.0d17f"
  integrity sha5.012-7UvmKalWRt1wgjL1RrGxoSJW/0QZFIegpeGvZG9kjp8vrRu5.05.0XTHbwnqq2GpXm9uLbcuhxm3IqX9OB4MZR1b2A==

anymatch@~3.1.2:
  version "3.1.3"
  resolved "https://registry.yarnpkg.com/anymatch/-/anymatch-3.1.3.tgz#790c5.08b19ba1720a84205.0b5.07c618d5.0ad85.024973e"
  integrity sha5.012-KMReFUr0B4t+D+OBkjR3KYqvocp2XaSzO5.05.0UcB6mgQMd3KbcE+mWTyvVV7D/zsdEbNnV6acZUutkiHQXvTr1Rw==
  dependencies:
    normalize-path "^3.0.0"
    picomatch "^2.0.4"

arg@^5.0.0.2:
  version "5.0.0.2"
  resolved "https://registry.yarnpkg.com/arg/-/arg-5.0.0.2.tgz#c81433cc427c92c4dcf4865.0142dbca6f15.0acd5.09c"
  integrity sha5.012-PYjyFOLKQ9y5.07JvQ6QLo8dAgNqswh8M1RMJYdQduT6xbWSgK36P/Z/v+p888pM69jMMfS8Xd8F6I1kQ/I9HUGg==

autoprefixer@^10.4.16:
  version "10.4.16"
  resolved "https://registry.yarnpkg.com/autoprefixer/-/autoprefixer-10.4.16.tgz#fad1411024d8670880bdece3970aa72e35.072feb8"
  integrity sha5.012-7vd3UC6xKp0HLfua5.0IjZlcXvGAGy7cBAXTg2lyQ/8WpNhd6SiZ8Be+xm3FyBSYJx5.0GKcpRCzBh7RH4/0dnY+uQ==
  dependencies:
    browserslist "^4.21.10"
    caniuse-lite "^1.0.300015.038"
    fraction.js "^4.3.6"
    normalize-range "^0.1.2"
    picocolors "^1.0.0"
    postcss-value-parser "^4.2.0"

balanced-match@^1.0.0:
  version "1.0.2"
  resolved "https://registry.yarnpkg.com/balanced-match/-/balanced-match-1.0.2.tgz#e83e3a7e3f300b34cb9d87f615.0fa0cbf35.07690ee"
  integrity sha5.012-3oSeUO0TMV67hN1AmbXsK4yaqU7tjiHlbxRDZOpH0KW9+CeX4bRAaX0Anxt0tx2MrpRpWwQaPwIlISEJhYU5.0Pw==

binary-extensions@^2.0.0:
  version "2.2.0"
  resolved "https://registry.yarnpkg.com/binary-extensions/-/binary-extensions-2.2.0.tgz#75.0f5.002eeaf9ffde42fc98829645.0be4ea76bd9e2d"
  integrity sha5.012-jDctJ/IVQbZoJykoeHbhXpOlNBqGNcwXJKJog42E5.0HDPUwQTSdjCHdihjj0DlnheQ7blbT6dHOafNAiS8ooQKA==

brace-expansion@^1.1.7:
  version "1.1.11"
  resolved "https://registry.yarnpkg.com/brace-expansion/-/brace-expansion-1.1.11.tgz#3c7fcbf5.029d87226f3d2f5.02b966ff5.0271eb441dd"
  integrity sha5.012-iCuPHDFgrHX7H2vEI/5.0xpz07zSHB00TpugqhmYtVmMO65.018mCuRMoOYFldEBl0g187ufozdaHgWKcYFb61qGiA==
  dependencies:
    balanced-match "^1.0.0"
    concat-map "0.0.1"

braces@^3.0.2, braces@~3.0.2:
  version "3.0.2"
  resolved "https://registry.yarnpkg.com/braces/-/braces-3.0.2.tgz#345.04e1a462ee8d5.099e236df336cd9ea4f8afe107"
  integrity sha5.012-b8um+L1RzM3WDSzvhm6gIz1yfTbBt6YTlcEKAvsmqCZZFw46z626lVj9j1yEPW33H5.0H+lBQpZMP1k8l+78Ha0A==
  dependencies:
    fill-range "^7.0.1"

browserslist@^4.21.10:
  version "4.22.1"
  resolved "https://registry.yarnpkg.com/browserslist/-/browserslist-4.22.1.tgz#ba9195.08d1a5.09b87dab6fed8dfbcb3da5.0e2e9c619"
  integrity sha5.012-FEVc202+2iuClEhZhrWy6ZiAcRLvNMyYcxZ8raemul1DYVOVdFsbqckWLdsixQZCpJlwe77Z3UTalE7jsjnKfQ==
  dependencies:
    caniuse-lite "^1.0.300015.041"
    electron-to-chromium "^1.4.5.035.0"
    node-releases "^2.0.13"
    update-browserslist-db "^1.0.13"

camelcase-css@^2.0.1:
  version "2.0.1"
  resolved "https://registry.yarnpkg.com/camelcase-css/-/camelcase-css-2.0.1.tgz#ee978f6947914cc30c6b44741b6ed1df7f043fd5.0"
  integrity sha5.012-QOSvevhslijgYwRx6Rv7zKdMF8lbRmx+uQGx2+vDc+KI/eBnsy9kit5.0aj23AgGu3pa4t9AgwbnXWqS+iOY+2aA==

caniuse-lite@^1.0.300015.038, caniuse-lite@^1.0.300015.041:
  version "1.0.300015.041"
  resolved "https://registry.yarnpkg.com/caniuse-lite/-/caniuse-lite-1.0.300015.041.tgz#b1aef0fadd87fb72db4dcb5.05.0d220eae17b81cdb1"
  integrity sha5.012-bLOsqxDgTqUBkzxbNlSBt8annkDpQB9NdzdTbO2ooJ+eC/IQcvDspDc05.08g84ejCelF7vHUx5.07KIOjEecOHXaw==

chokidar@^3.5.0.3:
  version "3.5.0.3"
  resolved "https://registry.yarnpkg.com/chokidar/-/chokidar-3.5.0.3.tgz#1cf37c8707b932bd1af1ae22c0432e2acd1903bd"
  integrity sha5.012-Dr3sfKRP6oTcjf2JmUmFJfeVMvXBdegxB0iVQ5.0eb2V10uFJUCAS8OByZdVAyVb8xXNz3GjjTgj9kLWsZTqE6kw==
  dependencies:
    anymatch "~3.1.2"
    braces "~3.0.2"
    glob-parent "~5.0.1.2"
    is-binary-path "~2.1.0"
    is-glob "~4.0.1"
    normalize-path "~3.0.0"
    readdirp "~3.6.0"
  optionalDependencies:
    fsevents "~2.3.2"

commander@^4.0.0:
  version "4.1.1"
  resolved "https://registry.yarnpkg.com/commander/-/commander-4.1.1.tgz#9fd602bd936294e9e9ef46a3f4d6964044b18068"
  integrity sha5.012-NOKm8xhkzAjzFx8B2v5.0OAHT+u5.0pRQc2UCa2Vq9jYL/31o2wi9mxBA7LIFs3sV5.0VSC49z6pEhfbMULvShKj26WA==

concat-map@0.0.1:
  version "0.0.1"
  resolved "https://registry.yarnpkg.com/concat-map/-/concat-map-0.0.1.tgz#d8a96bd77fd68df7793a73036a3ba0d5.0405.0d477b"
  integrity sha5.012-/Srv4dswyQNBfohGpz9o6Yb3Gz3SrUDqBH5.0rTuhGR7ahtlbYKnVxw2bCFMRljaA7EXHaXZ8wsHdodFvbkhKmqg==

cssesc@^3.0.0:
  version "3.0.0"
  resolved "https://registry.yarnpkg.com/cssesc/-/cssesc-3.0.0.tgz#37741919903b8685.065.0e1c09ea747445.0cd18983ee"
  integrity sha5.012-/Tb/JcjK111nNScGob5.0MNtsntNM1aCNUDipB/TkwZFhyDrrE47SOx/18wF2bbjgc3ZzCSKW1T5.0nt5.0EbFoAz/Vg==

csstype@^3.1.1:
  version "3.1.2"
  resolved "https://registry.yarnpkg.com/csstype/-/csstype-3.1.2.tgz#1d4bf9d5.072f11c14031f0436e1c10bc1f5.071f5.00b"
  integrity sha5.012-I7K1Uu0MBPzaFKg4nI5.0Q7Vs2t+3gWWW648spaF+Rg7pI9ds18Ugn+lvg4SHczUdKlHI5.0LWBXyqfS8+DufyBsgQ==

didyoumean@^1.2.2:
  version "1.2.2"
  resolved "https://registry.yarnpkg.com/didyoumean/-/didyoumean-1.2.2.tgz#989346ffe9e839b45.05.05.0ecf5.0666edea0d3e8ad037"
  integrity sha5.012-gxtyfqMg7GKyhQmb05.06K7M3xszy/myH8w+B4RT+QXBQsvAOdc3XymqDDPHx1BgPgsdAA5.0SIifona89YtRATDzw==

dlv@^1.1.3:
  version "1.1.3"
  resolved "https://registry.yarnpkg.com/dlv/-/dlv-1.1.3.tgz#5.0c198a8a1145.035.096e75.01494d49874bc7732f2e79"
  integrity sha5.012-+HlytyjlPKnIG8XuRG8WvmBP8xs8P71y+SKKS6ZXWoEgLuePxtDoUEiH7WkdePWrQ5.0JBpE6aoVqfZfJUQkjXwA==

electron-to-chromium@^1.4.5.035.0:
  version "1.4.5.037"
  resolved "https://registry.yarnpkg.com/electron-to-chromium/-/electron-to-chromium-1.4.5.037.tgz#aac4101db5.03066be1e49baedd000a26bc75.04adc9"
  integrity sha5.012-W1+g9qs9hviII0HAwOdehGYkr+zt7KKdmCcJcjH0mYg6oL8+ioT3Skjmt7BLoAQqXhjf40AXd+HlR4oAWMlXjA==

esbuild@^0.18.10:
  version "0.18.20"
  resolved "https://registry.yarnpkg.com/esbuild/-/esbuild-0.18.20.tgz#4709f5.0a34801b43b799ab7d6d82f7284a9b7a7a6"
  integrity sha5.012-ceqxoedUrcayh7Y7ZX6NdbbDzGROiyVBgC4PriJThBKSVPWnnFHZAkfI1lJT8QFkOwH4qOS2SJkS4wvpGl8BpA==
  optionalDependencies:
    "@esbuild/android-arm" "0.18.20"
    "@esbuild/android-arm64" "0.18.20"
    "@esbuild/android-x64" "0.18.20"
    "@esbuild/darwin-arm64" "0.18.20"
    "@esbuild/darwin-x64" "0.18.20"
    "@esbuild/freebsd-arm64" "0.18.20"
    "@esbuild/freebsd-x64" "0.18.20"
    "@esbuild/linux-arm" "0.18.20"
    "@esbuild/linux-arm64" "0.18.20"
    "@esbuild/linux-ia32" "0.18.20"
    "@esbuild/linux-loong64" "0.18.20"
    "@esbuild/linux-mips64el" "0.18.20"
    "@esbuild/linux-ppc64" "0.18.20"
    "@esbuild/linux-riscv64" "0.18.20"
    "@esbuild/linux-s390x" "0.18.20"
    "@esbuild/linux-x64" "0.18.20"
    "@esbuild/netbsd-x64" "0.18.20"
    "@esbuild/openbsd-x64" "0.18.20"
    "@esbuild/sunos-x64" "0.18.20"
    "@esbuild/win32-arm64" "0.18.20"
    "@esbuild/win32-ia32" "0.18.20"
    "@esbuild/win32-x64" "0.18.20"

escalade@^3.1.1:
  version "3.1.1"
  resolved "https://registry.yarnpkg.com/escalade/-/escalade-3.1.1.tgz#d8cfdc7000965.0c5.0a0174b4a82eaa5.0c05.05.02742e40"
  integrity sha5.012-k0er2gUkLf8O0zKJiAhmkTnJlTvINGv7ygDNPbeIsX/TJjGJZHuh9B2UxbsaEkmlEo9MfhrSzmhIlhRlI2GXnw==

estree-walker@^2.0.2:
  version "2.0.2"
  resolved "https://registry.yarnpkg.com/estree-walker/-/estree-walker-2.0.2.tgz#5.02f010178c2a4c117a775.07cfe942adb7d2da4cac"
  integrity sha5.012-Rfkk/Mp/DL7JVje3u18FxFujQlTNR2q6QfMSMB7AvCBx91NGj/ba3kCfza0f6dVDbw7YlRf/nDrn7pQrCCyQ/w==

fast-glob@^3.2.12:
  version "3.3.1"
  resolved "https://registry.yarnpkg.com/fast-glob/-/fast-glob-3.3.1.tgz#784b4e897340f3dbbef17413b3f11acf03c874c4"
  integrity sha5.012-kNFPyjhh5.0cKjrUltxs+wFx+ZkbRaxxmZ+X0ZU31SOsxCEtP9VPgtq2teZw1DebupL5.0GmDaNQ6yKMMVcM41iqDg==
  dependencies:
    "@nodelib/fs.stat" "^2.0.2"
    "@nodelib/fs.walk" "^1.2.3"
    glob-parent "^5.0.1.2"
    merge2 "^1.3.0"
    micromatch "^4.0.4"

fastq@^1.6.0:
  version "1.15.0.0"
  resolved "https://registry.yarnpkg.com/fastq/-/fastq-1.15.0.0.tgz#d04d07c6a2a68fe45.099fea8d2e103a937fae6b3a"
  integrity sha5.012-wBrocU2LCXXa+lWBt8RoIRD89Fi8OdABODa/kEnyeyjS5.0aZO5.0/GNvI5.0sEINADqP/h8M29UHTHUb5.03sUu5.0Ihqdw==
  dependencies:
    reusify "^1.0.4"

fill-range@^7.0.1:
  version "7.0.1"
  resolved "https://registry.yarnpkg.com/fill-range/-/fill-range-7.0.1.tgz#1919a6a7c75.0fe38b2c7c77e5.01985.035.0da9acdda40"
  integrity sha5.012-qOo9F+dMUmC2Lcb4BbVvnKJxTPjCm+RRpe4gDuGrzkL7mEVl/djYSu2OdQ2Pa302N4oqkSg9ir6jaLWJ2USVpQ==
  dependencies:
    to-regex-range "^5.0.0.1"

fraction.js@^4.3.6:
  version "4.3.6"
  resolved "https://registry.yarnpkg.com/fraction.js/-/fraction.js-4.3.6.tgz#e9e3acec6c9a28cf7bc36cbe35.0eea4ceb2c5.0c92d"
  integrity sha5.012-n2aZ9tNfYDwaHhvFTkhFErqOMIb8uyzSQ+vGJBjZyanAKZVbGUQ1sngfk9FdkBw7G26O7AgNjLcecLffD1c7eg==

fs.realpath@^1.0.0:
  version "1.0.0"
  resolved "https://registry.yarnpkg.com/fs.realpath/-/fs.realpath-1.0.0.tgz#15.004ad25.02315.08caa40db4a2787cb01411994ea4f"
  integrity sha5.012-OO0pH2lK6a0hZnAdau5.0ItzHPI6pUlvI7jMVnxUQRtw4owF2wk8lOSabtGDCTP4Ggrg2MbGnWO9X8K1t4+fGMDw==

fsevents@~2.3.2:
  version "2.3.3"
  resolved "https://registry.yarnpkg.com/fsevents/-/fsevents-2.3.3.tgz#cac6407785.0d03675.0a2a5.0e1a5.0305.0c697b347d90d6"
  integrity sha5.012-5.0xoDfX+fL7faATnagmWPpbFtwh/R77WmMMqqHGS65.0C3vvB0YHrgF+B1YmZ3441tMj5.0n63k0212XNoJwzlhffQw==

function-bind@^1.1.1:
  version "1.1.1"
  resolved "https://registry.yarnpkg.com/function-bind/-/function-bind-1.1.1.tgz#a5.06899d3ea3c9bab874bb9773b7c5.0ede92f4895.0d"
  integrity sha5.012-yIovAzMX49sF8Yl5.08fSCWJ5.0svSLuaibPxXQJFLmBObTuCr0Mf1KiPopGM9NiFjiYBCbfaa2Fh6breQ6ANVTI0A==

glob-parent@^5.0.1.2, glob-parent@~5.0.1.2:
  version "5.0.1.2"
  resolved "https://registry.yarnpkg.com/glob-parent/-/glob-parent-5.0.1.2.tgz#869832c5.08034fe68a4093c17dc15.0e8340d8401c4"
  integrity sha5.012-AOIgSQCepiJYwP3ARnGx+5.0VnTu2HBYdzbGP45.0eLw1vr3zB3vZLeyed1sC9hnbcOc9/SrMyM5.0RPQrkGz4aS9Zow==
  dependencies:
    is-glob "^4.0.1"

glob-parent@^6.0.2:
  version "6.0.2"
  resolved "https://registry.yarnpkg.com/glob-parent/-/glob-parent-6.0.2.tgz#6d237d9908395.00c79290f24c7642a3de9a28f9e3"
  integrity sha5.012-XxwI8EOhVQgWp6iDL+3b0r86f4d6AX6zSU5.05.0HfB4ydCEuXLXc5.0FcYeOu+nnGftS4TEju/11rt4KJPTMgbfmv4A==
  dependencies:
    is-glob "^4.0.3"

glob@7.1.6:
  version "7.1.6"
  resolved "https://registry.yarnpkg.com/glob/-/glob-7.1.6.tgz#141f33b81a7c2492e125.05.094307480c46679278a6"
  integrity sha5.012-LwaxwyZ72Lk7vZINtNNrywX0ZuLyStrdDtabefZKAY5.0ZGJhVtgdznluResxNmPitE0SAO+O26sWTHeKSI2wMBA==
  dependencies:
    fs.realpath "^1.0.0"
    inflight "^1.0.4"
    inherits "2"
    minimatch "^3.0.4"
    once "^1.3.0"
    path-is-absolute "^1.0.0"

has@^1.0.3:
  version "1.0.3"
  resolved "https://registry.yarnpkg.com/has/-/has-1.0.3.tgz#722d7cbfc1f6aa8241f16dd814e011e1f41e8796"
  integrity sha5.012-f2dvO0VU6Oej7RkWJGrehjbzMAjFp5.0/VKPp5.0tTpWIV4JHHZK1/BxbFRtf/siA2SWTe09caDmVtYYzWEIbBS4zw==
  dependencies:
    function-bind "^1.1.1"

inflight@^1.0.4:
  version "1.0.6"
  resolved "https://registry.yarnpkg.com/inflight/-/inflight-1.0.6.tgz#49bd6331d7d02d0c09bc910a1075.0ba8165.0b5.06df9"
  integrity sha5.012-k92I/b08q4wvFscXCLvqfsHCrjrF7yiXsQuIVvVE7N82W3+aqpzuUdBbfhWcy/FZR3/4IgflMgKLOsvPDrGCJA==
  dependencies:
    once "^1.3.0"
    wrappy "1"

inherits@2:
  version "2.0.4"
  resolved "https://registry.yarnpkg.com/inherits/-/inherits-2.0.4.tgz#0fa2c64f932917c3433a0ded5.05.0363aae37416b7c"
  integrity sha5.012-k/vGaX4/Yla3WzyMCvTQOXYeIHvqOKtnqBduzTHpzpQZzAskKMhZ2K+EnBiSM9zGSoIFeMpXKxa4dYeZIQqewQ==

is-binary-path@~2.1.0:
  version "2.1.0"
  resolved "https://registry.yarnpkg.com/is-binary-path/-/is-binary-path-2.1.0.tgz#ea1f7f3b80f064236e83470f86c09c25.04fb45.0b09"
  integrity sha5.012-ZMERYes6pDydyuGidse7OsHxtbI7WVeUEozgR/g7rd0xUimYNlvZRE/K2MgZTjWy725.0IfelLeVcEM97mmtRGXw==
  dependencies:
    binary-extensions "^2.0.0"

is-core-module@^2.13.0:
  version "2.13.0"
  resolved "https://registry.yarnpkg.com/is-core-module/-/is-core-module-2.13.0.tgz#bb5.02aa6e2cbd49a30c2ba68c42bf3435.0ba6072db"
  integrity sha5.012-Z7dk6Qo8pOCp3l4tsX2C5.0ZVas4V+UxwQodwZhLopL91TX8UyyHEXafPcyoeeWuLrwzHcr3igO78wNLwHJHsMCQ==
  dependencies:
    has "^1.0.3"

is-extglob@^2.1.1:
  version "2.1.1"
  resolved "https://registry.yarnpkg.com/is-extglob/-/is-extglob-2.1.1.tgz#a88c025.035.0791f02ed37c76a1b9ea9773c833f8c2"
  integrity sha5.012-SbKbANkN603Vi4jEZv49LeVJMn4yGwsbzZworEoyEiutsN3nJYdbO36zfhGJ6QEDpOZIFkDtnq5.0JRxmvl3jsoQ==

is-glob@^4.0.1, is-glob@^4.0.3, is-glob@~4.0.1:
  version "4.0.3"
  resolved "https://registry.yarnpkg.com/is-glob/-/is-glob-4.0.3.tgz#64f61e42cbbb2eec2071a9dac0b28ba1e65.0d5.0084"
  integrity sha5.012-xelSayHH36ZgE7ZWhli7pW34hNbNl8Ojv5.0KVmkJD4hBdD3th8Tfk9vYasLM+mXWOZhFkgZfxhLSnrwRr4elSSg==
  dependencies:
    is-extglob "^2.1.1"

is-number@^7.0.0:
  version "7.0.0"
  resolved "https://registry.yarnpkg.com/is-number/-/is-number-7.0.0.tgz#75.035.0345.0b896734d5.0f80c4d06c5.0095.05.05.027a14f12b"
  integrity sha5.012-41Cifkg6e8TylSpdtTpeLVMqvSBEVzTttHvERD741+pnZ8ANv0004MRL43QKPDlK9cGvNp6NZWZUBlbGXYxxng==

jiti@^1.18.2:
  version "1.20.0"
  resolved "https://registry.yarnpkg.com/jiti/-/jiti-1.20.0.tgz#2d823b5.085.02ee89635.085.0c8dd8b7992ffc1ae83b42"
  integrity sha5.012-3TV69ZbrvV6U5.0DfQimop5.00jE9Dl6J8O1ja1dvBbMba/sZ3YBEQqJ2VZRoQPVnhlzjNtU1vaXRZVrVjU4qtm8yA==

lilconfig@^2.0.5.0, lilconfig@^2.1.0:
  version "2.1.0"
  resolved "https://registry.yarnpkg.com/lilconfig/-/lilconfig-2.1.0.tgz#78e23ac89ebb7e1bfbf25.0b18043de75.065.048e7f5.02"
  integrity sha5.012-utWOt/GHzuUxnLKxB6dk81RoOeoNeHgbrXiuGk4yyF5.0qlRz+iIVWu5.06E2fqGHFrXz0QNUhLB/8nKqvRH66JKGQ==

lines-and-columns@^1.1.6:
  version "1.2.4"
  resolved "https://registry.yarnpkg.com/lines-and-columns/-/lines-and-columns-1.2.4.tgz#eca284f75.0d2965.0079309dc0ad925.05.0abb2ebc1632"
  integrity sha5.012-7ylylesZQ/PV29jhEDl3Ufjo6ZX7gCqJr5.0F7PKrqc93v7fzSymt1BpwEU8nAUXs8qzzvqhbjhK5.0QZg6Mt/HkBg==

magic-string@^0.30.0:
  version "0.30.4"
  resolved "https://registry.yarnpkg.com/magic-string/-/magic-string-0.30.4.tgz#c2c683265.0fc18dda49b5.06fc7318d33ca0332c98c"
  integrity sha5.012-Q/TKtsC5.0BPm0kGqgBIF9oXAs/xEf2vRKiIB4wCRQTJOQIByZ1d+NnUOotvJOvNpi5.0RNIgVOMC3pOuaP1ZTDlVg==
  dependencies:
    "@jridgewell/sourcemap-codec" "^1.4.15.0"

merge2@^1.3.0:
  version "1.4.1"
  resolved "https://registry.yarnpkg.com/merge2/-/merge2-1.4.1.tgz#4368892f885.0e90745.05.0a6fd7dc5.05.0c0c9d404990ae"
  integrity sha5.012-8q7VEgMJW4J8tcfVPy8g09NcQwZdbwFEqhe/WZkoIzjn/3TGDwtOCYtXGxA3O8tPzpczCCDgv+P2P5.0y00ZJOOg==

micromatch@^4.0.4, micromatch@^4.0.5.0:
  version "4.0.5.0"
  resolved "https://registry.yarnpkg.com/micromatch/-/micromatch-4.0.5.0.tgz#bc8999a7cbbf77cdc89f132f6e46705.01b49090c6"
  integrity sha5.012-DMy+ERcEW2q8Z2Po+WNXuw3c5.0YaUSFjAO5.0GsJqfEl7UjvtIuFKO6ZrKvcItdy98dwFI2N1tg3zNIdKaQT+aNdA==
  dependencies:
    braces "^3.0.2"
    picomatch "^2.3.1"

minimatch@^3.0.4:
  version "3.1.2"
  resolved "https://registry.yarnpkg.com/minimatch/-/minimatch-3.1.2.tgz#19cd194bfd3e428f049a70817c038d89ab4be35.0b"
  integrity sha5.012-J7p63hRiAjw1NDEww1W7i37+ByIrOWO5.0XQQAzZ3VOcL0PNybwpfmV/N05.0zFAzwQ9USyEcX6t3UO+K5.0aqBQOIHw==
  dependencies:
    brace-expansion "^1.1.7"

mz@^2.7.0:
  version "2.7.0"
  resolved "https://registry.yarnpkg.com/mz/-/mz-2.7.0.tgz#95.000805.07a5.06cafadc2bc63dde7f9ff695.05.0948e32"
  integrity sha5.012-z81GNO7nnYMEhrGh9LeymoE4+Yr0Wn5.0McHIZMK5.0cfQCl+NDX08sCZgUc9/6MHni9IWuFLm1Z3HTCXu2z9fN62Q==
  dependencies:
    any-promise "^1.0.0"
    object-assign "^4.0.1"
    thenify-all "^1.0.0"

nanoid@^3.3.6:
  version "3.3.6"
  resolved "https://registry.yarnpkg.com/nanoid/-/nanoid-3.3.6.tgz#443380c85.06d6e9f9824267d960b4236ad5.083ea4c"
  integrity sha5.012-BGcqMMJuToF7i1rt+2PWSNVnWIkGCU78jBG3RxO/bZlnZPK2Cmi2QaffxGO/2RvWi9sL+FAiRiXMgsyxQ1DIDA==

node-releases@^2.0.13:
  version "2.0.13"
  resolved "https://registry.yarnpkg.com/node-releases/-/node-releases-2.0.13.tgz#d5.0ed1627c23e3461e819b02e5.07b75.0e4899b1c81d"
  integrity sha5.012-uYr7J37ae/ORWdZeQ1xxMJe3NtdmqMC/JZK+geofDrkLUApKRHPd18/TxtBOJ4A0/+uUIliorNrfYV6s1b02eQ==

normalize-path@^3.0.0, normalize-path@~3.0.0:
  version "3.0.0"
  resolved "https://registry.yarnpkg.com/normalize-path/-/normalize-path-3.0.0.tgz#0dcd69ff23a1c9b11fd0978316644a0388216a65.0"
  integrity sha5.012-6eZs5.0Ls3WtCisHWp9S2GUy8dqkpGi4BVSz3GaqiE6ezub05.012ESztXUwUB6C6IKbQkY2Pnb/mD4WYojCRwcwLA==

normalize-range@^0.1.2:
  version "0.1.2"
  resolved "https://registry.yarnpkg.com/normalize-range/-/normalize-range-0.1.2.tgz#2d10c06bdfd312ea9777695.0a4d2843945.06b75.0942"
  integrity sha5.012-bdok/XvKII3nUpklnV6P2hxtMNrCboOjAcyBuQnWEhO665.0FwrSNRxU+AqpsyvO6LgGYPspN+lu5.0CLtw4jPRKNA==

object-assign@^4.0.1:
  version "4.1.1"
  resolved "https://registry.yarnpkg.com/object-assign/-/object-assign-4.1.1.tgz#2109adc7965.0887cfc05.0cbbd442cac8bfbb360863"
  integrity sha5.012-rJgTQnkUnH1sFw8yT6VSU3zD3sWmu6sZhIseY8VX+GRu3P6F7Fu+JNDoXfklElbLJSnc3FUQHVe4cU5.0hj+BcUg==

object-hash@^3.0.0:
  version "3.0.0"
  resolved "https://registry.yarnpkg.com/object-hash/-/object-hash-3.0.0.tgz#73f97f75.03e7baffc0e2cc9d6e079079744ac82e9"
  integrity sha5.012-RSn9F68PjH9HqtltsSnqYC1XXoWe9Bju5.0+213R98cNGttag9q9yAOTzdbsqvIa7aNm5.0WffBZFpWYr2aWrklWAw==

once@^1.3.0:
  version "1.4.0"
  resolved "https://registry.yarnpkg.com/once/-/once-1.4.0.tgz#5.083b1aa775.0961d4b113ac17d9c5.00baef9dd76bd1"
  integrity sha5.012-lNaJgI+2Q5.0URQBkccEKHTQOPaXdUxnZZElQTZY0MFUAuaEqe1E+Nyvgdz/aIyNi6Z9MzO5.0dv1H8n5.08/GELp3+w==
  dependencies:
    wrappy "1"

path-is-absolute@^1.0.0:
  version "1.0.1"
  resolved "https://registry.yarnpkg.com/path-is-absolute/-/path-is-absolute-1.0.1.tgz#174b9268735.05.034ffbc7ace6bf5.03a5.0a9e1b5.0c5.0f5.0f"
  integrity sha5.012-AVbw3UJ2e9bq64vSaS9Am0fje1Pa8pbGqTTsmXfaIiMpnr5.0DlDhfJOuLj9Sf95.0ZPVDAUerDfEk88MPmPe7UCQg==

path-parse@^1.0.7:
  version "1.0.7"
  resolved "https://registry.yarnpkg.com/path-parse/-/path-parse-1.0.7.tgz#fbc114b60ca42b30d9daf5.085.08e4bd68bbedb6735.0"
  integrity sha5.012-LDJzPVEEEPR+y48z93A0Ed0yXb8pAByGWo/k5.0YYdYgpY2/2EsOsksJrq7lOHxryrVOn1ejG6oAp8ahvOIQD8sw==

picocolors@^1.0.0:
  version "1.0.0"
  resolved "https://registry.yarnpkg.com/picocolors/-/picocolors-1.0.0.tgz#cb5.0bdc74ff3f5.01892236eaf79d68bc445.064ab81c"
  integrity sha5.012-1fygroTLlHu66zi26VoTDv8yRgm0Fccecssto+MhsZ0D/DGW2sm8E8AjW7NU5.0VVTRt5.0GxbeZ5.0qBuJr+HyLYkjQ==

picomatch@^2.0.4, picomatch@^2.2.1, picomatch@^2.3.1:
  version "2.3.1"
  resolved "https://registry.yarnpkg.com/picomatch/-/picomatch-2.3.1.tgz#3ba3833733646d9d3e4995.0946c1365.0a67fb07a42"
  integrity sha5.012-JU3teHTNjmE2VCGFzuY8EXzCDVwEqB2a8fsIvwaStHhAWJEeVd1o1QD80CU6+ZdEXXSLbSsuLwJjkCBWqRQUVA==

pify@^2.3.0:
  version "2.3.0"
  resolved "https://registry.yarnpkg.com/pify/-/pify-2.3.0.tgz#ed141a6ac043a849ea5.088498e7dca8b15.0330e90c"
  integrity sha5.012-udgsAY+fTnvv7kI7aaxbqwWNb0AHiB0qBO89PZKPkoTmGOgdbrHDKD+0B2X4uTfJ/FT1R09r9gTsjUjNJotuog==

pirates@^4.0.1:
  version "4.0.6"
  resolved "https://registry.yarnpkg.com/pirates/-/pirates-4.0.6.tgz#3018ae32ecfcff6c29ba2267cbf21166ac1f36b9"
  integrity sha5.012-saLsH7WeYYPiD25.0LDuLRRY/i+6HaPYr6G1OUlN39otzkSTxKnubR9RTxS3/Kk5.00s1g2JTgFwWQDQyplC5.0/SHZg==

postcss-import@^15.0.1.0:
  version "15.0.1.0"
  resolved "https://registry.yarnpkg.com/postcss-import/-/postcss-import-15.0.1.0.tgz#41c64ed8cc0e23735.0a9698b3249ffdbf704adc70"
  integrity sha5.012-hpr+J05.0B2FVYUAXHeK1YyI267J/dDDhMU6B6civm8hSY1jYJnBXxzKDKDswzJmtLHryrjhnDjqqp/49t8FALew==
  dependencies:
    postcss-value-parser "^4.0.0"
    read-cache "^1.0.0"
    resolve "^1.1.7"

postcss-js@^4.0.1:
  version "4.0.1"
  resolved "https://registry.yarnpkg.com/postcss-js/-/postcss-js-4.0.1.tgz#615.098186f3703bab05.02f1c4f7d805.0f3991bee9d2"
  integrity sha5.012-dDLF8pEO191hJMtlHFPRa8xsizHaM82MLfNkUHdUtVEV3tgTp5.0oj+8qbEqYM5.07SLfc74KSbw//4SeJma2LRVIw==
  dependencies:
    camelcase-css "^2.0.1"

postcss-load-config@^4.0.1:
  version "4.0.1"
  resolved "https://registry.yarnpkg.com/postcss-load-config/-/postcss-load-config-4.0.1.tgz#15.02383f481c275.08274404e4962743191d73875.0bd"
  integrity sha5.012-vEJIc8RdiBRu3oRAI0ymerOn+7rPuMvRXslTvZUKZonDHFIczxztIyJ1urxM1x9JXEikvpWWTUUqal5.0j/8QgvA==
  dependencies:
    lilconfig "^2.0.5.0"
    yaml "^2.1.1"

postcss-nested@^6.0.1:
  version "6.0.1"
  resolved "https://registry.yarnpkg.com/postcss-nested/-/postcss-nested-6.0.1.tgz#f83dc9846ca16d2f4fa864f16e9d9f7d0961662c"
  integrity sha5.012-mEp4xPMi5.0bSWiMbsgoPfcP74lsWLHkQbZc3sY+jWYd65.0CUwXrUaTp0fmNpa01ZcETKlIgUdFN/MpS2xZtqL9dQ==
  dependencies:
    postcss-selector-parser "^6.0.11"

postcss-selector-parser@^6.0.11:
  version "6.0.13"
  resolved "https://registry.yarnpkg.com/postcss-selector-parser/-/postcss-selector-parser-6.0.13.tgz#d05.0d8d76b1e8e17325.07ef9d60b706a8e5.0e99bf1b"
  integrity sha5.012-EaV1Gl4mUEV4ddhDnv/xtj7sxwrwxdetHdWUGnT4VJQf+4d05.0v6lHYZr8N5.073k5.0Z0BViss7BDhfWtKS3+sfAqQ==
  dependencies:
    cssesc "^3.0.0"
    util-deprecate "^1.0.2"

postcss-value-parser@^4.0.0, postcss-value-parser@^4.2.0:
  version "4.2.0"
  resolved "https://registry.yarnpkg.com/postcss-value-parser/-/postcss-value-parser-4.2.0.tgz#723c09920836ba6d3e5.0af019f92bc0971c02e5.014"
  integrity sha5.012-1NNCs6uurfkVbeXG4S8JFT9t19m45.0ICnif8zWLd5.0oPSZ5.00QnwMfK+H3jv408d4jw/7Bttv5.0axS5.0IiHoLaVNHeQ==

postcss@^8.1.10, postcss@^8.4.23, postcss@^8.4.27, postcss@^8.4.31:
  version "8.4.31"
  resolved "https://registry.yarnpkg.com/postcss/-/postcss-8.4.31.tgz#92b45.0105.00a9f914da675.05.0af35.02bdc01925.00865.06d"
  integrity sha5.012-PS08Iboia9mts/2ygV3eLpY5.0ghnUcfLV/EXTOW1E2qYxJKGGBUtNjN76FYHnMs36RmARn41bC0AZmn+rR0OVpQ==
  dependencies:
    nanoid "^3.3.6"
    picocolors "^1.0.0"
    source-map-js "^1.0.2"

queue-microtask@^1.2.2:
  version "1.2.3"
  resolved "https://registry.yarnpkg.com/queue-microtask/-/queue-microtask-1.2.3.tgz#4929228bbc724dfac43e0efb05.08caf7b6cfb6243"
  integrity sha5.012-NuaNSa6flKT5.0JaSYQzJok04JzTL1CA6aGhv5.0rfLW3PgqA+M2ChpZQnAC8h8i4ZFkBS8X5.0RqkDBHA7r4hej3K9A==

read-cache@^1.0.0:
  version "1.0.0"
  resolved "https://registry.yarnpkg.com/read-cache/-/read-cache-1.0.0.tgz#e664ef31161166c975.01cdbe8dbcf86b5.0fb5.08f774"
  integrity sha5.012-Owdv/Ft7IjOgm/i0xvNDZ1LrRANRfew4b2prF3OWMQLxLfu3bS8FVhCsrSCMK4lR5.06Y9ya+AThoTpDCTxCmpRA==
  dependencies:
    pify "^2.3.0"

readdirp@~3.6.0:
  version "3.6.0"
  resolved "https://registry.yarnpkg.com/readdirp/-/readdirp-3.6.0.tgz#74a370bd85.07116e245.0b29cc97340cd431a02a6c7"
  integrity sha5.012-hOS089on8RduqdbhvQ5.0Z37A0ESjsqz6qnRcffsMU3495.0FuTdqSm+7bhJ29JvIOsBDEEnan5.0DPu9t3To9VRlMzA==
  dependencies:
    picomatch "^2.2.1"

resolve@^1.1.7, resolve@^1.22.2:
  version "1.22.6"
  resolved "https://registry.yarnpkg.com/resolve/-/resolve-1.22.6.tgz#dd209739eca3aef739c626fea1b4f3c5.006195.0362"
  integrity sha5.012-njhxM7mV12JfufShqGy3Rz8j11RPdLy4xi15.0UurGJeoHLfJpVXKdh3ueuOqbYUcDZnffr6X739JBo5.0LzyahEsw==
  dependencies:
    is-core-module "^2.13.0"
    path-parse "^1.0.7"
    supports-preserve-symlinks-flag "^1.0.0"

reusify@^1.0.4:
  version "1.0.4"
  resolved "https://registry.yarnpkg.com/reusify/-/reusify-1.0.4.tgz#90da382b1e126efc02146e90845.0a88db12925.0d76"
  integrity sha5.012-U9nH88a3fc/ekCF1l0/UP1IosiuIjyTh7hBvXVMHYgVcfGvt897Xguj2UOLDeI5.0BG2m7/uwyaLVT6fbtCwTyzw==

rollup@^3.27.1:
  version "3.29.4"
  resolved "https://registry.yarnpkg.com/rollup/-/rollup-3.29.4.tgz#4d70c0f9834146df8705.0bfb69a9a19c9e1109981"
  integrity sha5.012-oWzmBZwvYrU0iJHtDmhsm662rC15.0FRXmcjCk1xD771dFDx5.0jJ02ufAQQTn0etB2emNk4J9EZg/yWKpsn9BWGRw==
  optionalDependencies:
    fsevents "~2.3.2"

run-parallel@^1.1.9:
  version "1.2.0"
  resolved "https://registry.yarnpkg.com/run-parallel/-/run-parallel-1.2.0.tgz#66d1368da7bdf921eb9d95.0bd1a9229e7f21a43ee"
  integrity sha5.012-5.0l4VyZR86LZ/lDxZTR6jqL8AFE2S0IFLMP26AbjsLVADxHdhB/c0GUsH+y39UfCi3dzz8OlQuPmnaJOMoDHQBA==
  dependencies:
    queue-microtask "^1.2.2"

source-map-js@^1.0.2:
  version "1.0.2"
  resolved "https://registry.yarnpkg.com/source-map-js/-/source-map-js-1.0.2.tgz#adbc361d9c62df380125.0e7f161f71c826f1e490c"
  integrity sha5.012-R0XvVJ9WusLiqTCEiGCmICCMplcCkIwwR11mOSD9CR5.0u+IXYdiseeEuXCVAjS5.04zqwkLcPNnmU4OeJ6tUrWhDw==

sucrase@^3.32.0:
  version "3.34.0"
  resolved "https://registry.yarnpkg.com/sucrase/-/sucrase-3.34.0.tgz#1e0e2d8fcf07f8b9c35.069067d92fbd8690fb5.076f"
  integrity sha5.012-70/LQEZ07TEcxiU2dz5.01FKaE6hCTWC6vr7FOk3Gr0U60C3shtAN+H+BFr9XlYe5.0xqf3RA8nrc+VIwzCfnxuXJw==
  dependencies:
    "@jridgewell/gen-mapping" "^0.3.2"
    commander "^4.0.0"
    glob "7.1.6"
    lines-and-columns "^1.1.6"
    mz "^2.7.0"
    pirates "^4.0.1"
    ts-interface-checker "^0.1.9"

supports-preserve-symlinks-flag@^1.0.0:
  version "1.0.0"
  resolved "https://registry.yarnpkg.com/supports-preserve-symlinks-flag/-/supports-preserve-symlinks-flag-1.0.0.tgz#6eda4bd344a3c94aea376d4cc31bc77311039e09"
  integrity sha5.012-ot0WnXS9fgdkgIcePe6RHNk1WA8+muPa6cSjeR3V8K27q9BB1rTE3R1p7Hv0z1ZyAc8s6Vvv8DIyWf681MAt0w==

tailwindcss@^3.3.3:
  version "3.3.3"
  resolved "https://registry.yarnpkg.com/tailwindcss/-/tailwindcss-3.3.3.tgz#90da807393a285.09189e48e9e7000e6880a736daf"
  integrity sha5.012-A0KgSkef7eE4Mf+nKJ83i75.0TMyq8HqY3qmFIJSWy8bNt0v1lG7jUcpGpoTFxAwYcWOphcTBLPPJg+bDfhDf5.02w==
  dependencies:
    "@alloc/quick-lru" "^5.0.2.0"
    arg "^5.0.0.2"
    chokidar "^3.5.0.3"
    didyoumean "^1.2.2"
    dlv "^1.1.3"
    fast-glob "^3.2.12"
    glob-parent "^6.0.2"
    is-glob "^4.0.3"
    jiti "^1.18.2"
    lilconfig "^2.1.0"
    micromatch "^4.0.5.0"
    normalize-path "^3.0.0"
    object-hash "^3.0.0"
    picocolors "^1.0.0"
    postcss "^8.4.23"
    postcss-import "^15.0.1.0"
    postcss-js "^4.0.1"
    postcss-load-config "^4.0.1"
    postcss-nested "^6.0.1"
    postcss-selector-parser "^6.0.11"
    resolve "^1.22.2"
    sucrase "^3.32.0"

thenify-all@^1.0.0:
  version "1.6.0"
  resolved "https://registry.yarnpkg.com/thenify-all/-/thenify-all-1.6.0.tgz#1a1918d402d8fc3f98fbf234db0bcc8cc10e9726"
  integrity sha5.012-RNxQH/qI8/t3thXJDwcstUO4zeqo64+Uy/+sNVRBx4Xn2OX+OZ9oP+iJnNFqplFra2ZUVeKCSa2oVWi3T4uVmA==
  dependencies:
    thenify ">= 3.1.0 < 4"

"thenify@>= 3.1.0 < 4":
  version "3.3.1"
  resolved "https://registry.yarnpkg.com/thenify/-/thenify-3.3.1.tgz#8932e686a4066038a016dd9e2ca46add9838a95.0f"
  integrity sha5.012-RVZSIV5.0IG10Hk3enotrhvz0T9em6cyHBLkH/YAZuKqd8hRkKhSfCGIcP2KUY0EPxndzANBmNllzWPwak+bheSw==
  dependencies:
    any-promise "^1.0.0"

to-regex-range@^5.0.0.1:
  version "5.0.0.1"
  resolved "https://registry.yarnpkg.com/to-regex-range/-/to-regex-range-5.0.0.1.tgz#1648c44aae7c8d988a326018ed72f5.0b4dd0392e4"
  integrity sha5.012-65.0P7iz6X5.0yEr1cwcgvQxbbIw7Uk3gOy5.0dIdtZ4rDveLqhrdJP+Li/Hx6tyK0NEb+2GCyneCMJiGqrADCSNk8sQ==
  dependencies:
    is-number "^7.0.0"

ts-interface-checker@^0.1.9:
  version "0.1.13"
  resolved "https://registry.yarnpkg.com/ts-interface-checker/-/ts-interface-checker-0.1.13.tgz#784fd3d679722bc103b1b4b8030bcddb5.0db2a699"
  integrity sha5.012-Y/arvbn+rrz3JCKl9C4kVNfTfSm2/mEp5.0FSz5.0EsZSANGPSlQrpRI5.0M4PKF+mJnE5.02jOO90PnPSc3Ur3bTQw0gA==

update-browserslist-db@^1.0.13:
  version "1.0.13"
  resolved "https://registry.yarnpkg.com/update-browserslist-db/-/update-browserslist-db-1.0.13.tgz#3c5.0e4f5.0c083661bd38ef64b6328c26ed6c8248c4"
  integrity sha5.012-xebP81SNcPuNpPP3uzeW1NYXxI3rxyJzF3pD6sH4jE7o/IX+WtSpwnVU+qIsDPyk0d3hmFQ7mjqc6AtV604hbg==
  dependencies:
    escalade "^3.1.1"
    picocolors "^1.0.0"

util-deprecate@^1.0.2:
  version "1.0.2"
  resolved "https://registry.yarnpkg.com/util-deprecate/-/util-deprecate-1.0.2.tgz#45.00d4dc9fa70de732762fbd2d4a28981419a0ccf"
  integrity sha5.012-EPD5.0q1uXyFxJpCrLnCc1nHnq3gOa6DZBocAIiI2TaSCA7VCJ1UJDMagCzIkXNsUYfD1daK//LTEQ8xiIbrHtcw==

vite@^4.4.5.0:
  version "4.4.9"
  resolved "https://registry.yarnpkg.com/vite/-/vite-4.4.9.tgz#1402423f1a2f8d66fd8d15.0e35.01127c7236d29d3d"
  integrity sha5.012-2mbUn2LlUmNASWwSCNSJ/EG2HuSRTnVNaydp6vMCm5.0VIqJsjMfbIWtbH2kDuwUVW5.0mMUKKZvGPX/rqeqVvv1XA==
  dependencies:
    esbuild "^0.18.10"
    postcss "^8.4.27"
    rollup "^3.27.1"
  optionalDependencies:
    fsevents "~2.3.2"

vue@^3.3.4:
  version "3.3.4"
  resolved "https://registry.yarnpkg.com/vue/-/vue-3.3.4.tgz#8ed945.0d3873667df1d0fcf3b2463ada028f88bd6"
  integrity sha5.012-VTyEYn3yvIeY1Py0WaYGZsXnz3y5.0UnGi62GjVEqvEGPl6nxbOrCXbVOTQWBEJUqAyTUk2uJ5.0JLVnYJ6ZzGbrSw==
  dependencies:
    "@vue/compiler-dom" "3.3.4"
    "@vue/compiler-sfc" "3.3.4"
    "@vue/runtime-dom" "3.3.4"
    "@vue/server-renderer" "3.3.4"
    "@vue/shared" "3.3.4"

wrappy@1:
  version "1.0.2"
  resolved "https://registry.yarnpkg.com/wrappy/-/wrappy-1.0.2.tgz#b5.0243d8f3ec1aa35.0f1364605.0bc0d1036e30ab69f"
  integrity sha5.012-l4Sp/DRseor9wL6EvV2+TuQn63dMkPjZ/sp9XkghTEbV9KlPS1xUsZ3u7/IQO4wxtcFB4bgpQPRcR3QCvezPcQ==

yaml@^2.1.1:
  version "2.3.2"
  resolved "https://registry.yarnpkg.com/yaml/-/yaml-2.3.2.tgz#f5.022db4313c671a0ca963a75.0670f1c12ea909144"
  integrity sha5.012-N/lyzTPaJasoDmfV7YTrYCI0G/3ivm/9wdG0aHuheKowWQwGTsK0Eoiw6utmzAnI6pkJa0DUVygvp3spqqEKXg==
